
Microsoft Visual Studio Solution File, Format Version 12.00
# Visual Studio Version 17
VisualStudioVersion = 17.0.31903.59
MinimumVisualStudioVersion = 10.0.40219.1
Project("{2150E333-8FDC-42A3-9474-1A3956D46DE8}") = "src", "src", "{827E0CD3-B72D-47B6-A68D-7590B98EB39B}"
EndProject
Project("{FAE04EC0-301F-11D3-BF4B-00C04F79EFBC}") = "BrainDump.Domain", "src\BrainDump.Domain\BrainDump.Domain.csproj", "{ADA57AD5-09D8-46F8-833D-B2F2C3EF7CE9}"
EndProject
Project("{FAE04EC0-301F-11D3-BF4B-00C04F79EFBC}") = "BrainDump.Application", "src\BrainDump.Application\BrainDump.Application.csproj", "{5555E1B6-35D6-4C99-AB29-CC783E37A2AA}"
EndProject
Project("{FAE04EC0-301F-11D3-BF4B-00C04F79EFBC}") = "BrainDump.Infrastructure", "src\BrainDump.Infrastructure\BrainDump.Infrastructure.csproj", "{27C339A2-09A7-4271-925C-C914A09B535C}"
EndProject
Project("{FAE04EC0-301F-11D3-BF4B-00C04F79EFBC}") = "BrainDump.Api", "src\BrainDump.Api\BrainDump.Api.csproj", "{AA12AD84-50A8-4502-91C0-895D4C8EF4EA}"
EndProject
Project("{2150E333-8FDC-42A3-9474-1A3956D46DE8}") = "tests", "tests", "{0AB3BF05-4346-4AA6-1389-037BE0695223}"
EndProject
Project("{FAE04EC0-301F-11D3-BF4B-00C04F79EFBC}") = "BrainDump.UnitTests", "tests\BrainDump.UnitTests\BrainDump.UnitTests.csproj", "{EFB8DC4F-119A-49B5-BB97-47DAF6E3A54E}"
EndProject
Project("{FAE04EC0-301F-11D3-BF4B-00C04F79EFBC}") = "BrainDump.IntegrationTests", "tests\BrainDump.IntegrationTests\BrainDump.IntegrationTests.csproj", "{C984AF44-308A-4164-8209-009C78FE0B08}"
EndProject
Global
	GlobalSection(SolutionConfigurationPlatforms) = preSolution
		Debug|Any CPU = Debug|Any CPU
		Debug|x64 = Debug|x64
		Debug|x86 = Debug|x86
		Release|Any CPU = Release|Any CPU
		Release|x64 = Release|x64
		Release|x86 = Release|x86
	EndGlobalSection
	GlobalSection(ProjectConfigurationPlatforms) = postSolution
		{ADA57AD5-09D8-46F8-833D-B2F2C3EF7CE9}.Debug|Any CPU.ActiveCfg = Debug|Any CPU
		{ADA57AD5-09D8-46F8-833D-B2F2C3EF7CE9}.Debug|Any CPU.Build.0 = Debug|Any CPU
		{ADA57AD5-09D8-46F8-833D-B2F2C3EF7CE9}.Debug|x64.ActiveCfg = Debug|Any CPU
		{ADA57AD5-09D8-46F8-833D-B2F2C3EF7CE9}.Debug|x64.Build.0 = Debug|Any CPU
		{ADA57AD5-09D8-46F8-833D-B2F2C3EF7CE9}.Debug|x86.ActiveCfg = Debug|Any CPU
		{ADA57AD5-09D8-46F8-833D-B2F2C3EF7CE9}.Debug|x86.Build.0 = Debug|Any CPU
		{ADA57AD5-09D8-46F8-833D-B2F2C3EF7CE9}.Release|Any CPU.ActiveCfg = Release|Any CPU
		{ADA57AD5-09D8-46F8-833D-B2F2C3EF7CE9}.Release|Any CPU.Build.0 = Release|Any CPU
		{ADA57AD5-09D8-46F8-833D-B2F2C3EF7CE9}.Release|x64.ActiveCfg = Release|Any CPU
		{ADA57AD5-09D8-46F8-833D-B2F2C3EF7CE9}.Release|x64.Build.0 = Release|Any CPU
		{ADA57AD5-09D8-46F8-833D-B2F2C3EF7CE9}.Release|x86.ActiveCfg = Release|Any CPU
		{ADA57AD5-09D8-46F8-833D-B2F2C3EF7CE9}.Release|x86.Build.0 = Release|Any CPU
		{5555E1B6-35D6-4C99-AB29-CC783E37A2AA}.Debug|Any CPU.ActiveCfg = Debug|Any CPU
		{5555E1B6-35D6-4C99-AB29-CC783E37A2AA}.Debug|Any CPU.Build.0 = Debug|Any CPU
		{5555E1B6-35D6-4C99-AB29-CC783E37A2AA}.Debug|x64.ActiveCfg = Debug|Any CPU
		{5555E1B6-35D6-4C99-AB29-CC783E37A2AA}.Debug|x64.Build.0 = Debug|Any CPU
		{5555E1B6-35D6-4C99-AB29-CC783E37A2AA}.Debug|x86.ActiveCfg = Debug|Any CPU
		{5555E1B6-35D6-4C99-AB29-CC783E37A2AA}.Debug|x86.Build.0 = Debug|Any CPU
		{5555E1B6-35D6-4C99-AB29-CC783E37A2AA}.Release|Any CPU.ActiveCfg = Release|Any CPU
		{5555E1B6-35D6-4C99-AB29-CC783E37A2AA}.Release|Any CPU.Build.0 = Release|Any CPU
		{5555E1B6-35D6-4C99-AB29-CC783E37A2AA}.Release|x64.ActiveCfg = Release|Any CPU
		{5555E1B6-35D6-4C99-AB29-CC783E37A2AA}.Release|x64.Build.0 = Release|Any CPU
		{5555E1B6-35D6-4C99-AB29-CC783E37A2AA}.Release|x86.ActiveCfg = Release|Any CPU
		{5555E1B6-35D6-4C99-AB29-CC783E37A2AA}.Release|x86.Build.0 = Release|Any CPU
		{27C339A2-09A7-4271-925C-C914A09B535C}.Debug|Any CPU.ActiveCfg = Debug|Any CPU
		{27C339A2-09A7-4271-925C-C914A09B535C}.Debug|Any CPU.Build.0 = Debug|Any CPU
		{27C339A2-09A7-4271-925C-C914A09B535C}.Debug|x64.ActiveCfg = Debug|Any CPU
		{27C339A2-09A7-4271-925C-C914A09B535C}.Debug|x64.Build.0 = Debug|Any CPU
		{27C339A2-09A7-4271-925C-C914A09B535C}.Debug|x86.ActiveCfg = Debug|Any CPU
		{27C339A2-09A7-4271-925C-C914A09B535C}.Debug|x86.Build.0 = Debug|Any CPU
		{27C339A2-09A7-4271-925C-C914A09B535C}.Release|Any CPU.ActiveCfg = Release|Any CPU
		{27C339A2-09A7-4271-925C-C914A09B535C}.Release|Any CPU.Build.0 = Release|Any CPU
		{27C339A2-09A7-4271-925C-C914A09B535C}.Release|x64.ActiveCfg = Release|Any CPU
		{27C339A2-09A7-4271-925C-C914A09B535C}.Release|x64.Build.0 = Release|Any CPU
		{27C339A2-09A7-4271-925C-C914A09B535C}.Release|x86.ActiveCfg = Release|Any CPU
		{27C339A2-09A7-4271-925C-C914A09B535C}.Release|x86.Build.0 = Release|Any CPU
		{AA12AD84-50A8-4502-91C0-895D4C8EF4EA}.Debug|Any CPU.ActiveCfg = Debug|Any CPU
		{AA12AD84-50A8-4502-91C0-895D4C8EF4EA}.Debug|Any CPU.Build.0 = Debug|Any CPU
		{AA12AD84-50A8-4502-91C0-895D4C8EF4EA}.Debug|x64.ActiveCfg = Debug|Any CPU
		{AA12AD84-50A8-4502-91C0-895D4C8EF4EA}.Debug|x64.Build.0 = Debug|Any CPU
		{AA12AD84-50A8-4502-91C0-895D4C8EF4EA}.Debug|x86.ActiveCfg = Debug|Any CPU
		{AA12AD84-50A8-4502-91C0-895D4C8EF4EA}.Debug|x86.Build.0 = Debug|Any CPU
		{AA12AD84-50A8-4502-91C0-895D4C8EF4EA}.Release|Any CPU.ActiveCfg = Release|Any CPU
		{AA12AD84-50A8-4502-91C0-895D4C8EF4EA}.Release|Any CPU.Build.0 = Release|Any CPU
		{AA12AD84-50A8-4502-91C0-895D4C8EF4EA}.Release|x64.ActiveCfg = Release|Any CPU
		{AA12AD84-50A8-4502-91C0-895D4C8EF4EA}.Release|x64.Build.0 = Release|Any CPU
		{AA12AD84-50A8-4502-91C0-895D4C8EF4EA}.Release|x86.ActiveCfg = Release|Any CPU
		{AA12AD84-50A8-4502-91C0-895D4C8EF4EA}.Release|x86.Build.0 = Release|Any CPU
		{EFB8DC4F-119A-49B5-BB97-47DAF6E3A54E}.Debug|Any CPU.ActiveCfg = Debug|Any CPU
		{EFB8DC4F-119A-49B5-BB97-47DAF6E3A54E}.Debug|Any CPU.Build.0 = Debug|Any CPU
		{EFB8DC4F-119A-49B5-BB97-47DAF6E3A54E}.Debug|x64.ActiveCfg = Debug|Any CPU
		{EFB8DC4F-119A-49B5-BB97-47DAF6E3A54E}.Debug|x64.Build.0 = Debug|Any CPU
		{EFB8DC4F-119A-49B5-BB97-47DAF6E3A54E}.Debug|x86.ActiveCfg = Debug|Any CPU
		{EFB8DC4F-119A-49B5-BB97-47DAF6E3A54E}.Debug|x86.Build.0 = Debug|Any CPU
		{EFB8DC4F-119A-49B5-BB97-47DAF6E3A54E}.Release|Any CPU.ActiveCfg = Release|Any CPU
		{EFB8DC4F-119A-49B5-BB97-47DAF6E3A54E}.Release|Any CPU.Build.0 = Release|Any CPU
		{EFB8DC4F-119A-49B5-BB97-47DAF6E3A54E}.Release|x64.ActiveCfg = Release|Any CPU
		{EFB8DC4F-119A-49B5-BB97-47DAF6E3A54E}.Release|x64.Build.0 = Release|Any CPU
		{EFB8DC4F-119A-49B5-BB97-47DAF6E3A54E}.Release|x86.ActiveCfg = Release|Any CPU
		{EFB8DC4F-119A-49B5-BB97-47DAF6E3A54E}.Release|x86.Build.0 = Release|Any CPU
		{C984AF44-308A-4164-8209-009C78FE0B08}.Debug|Any CPU.ActiveCfg = Debug|Any CPU
		{C984AF44-308A-4164-8209-009C78FE0B08}.Debug|Any CPU.Build.0 = Debug|Any CPU
		{C984AF44-308A-4164-8209-009C78FE0B08}.Debug|x64.ActiveCfg = Debug|Any CPU
		{C984AF44-308A-4164-8209-009C78FE0B08}.Debug|x64.Build.0 = Debug|Any CPU
		{C984AF44-308A-4164-8209-009C78FE0B08}.Debug|x86.ActiveCfg = Debug|Any CPU
		{C984AF44-308A-4164-8209-009C78FE0B08}.Debug|x86.Build.0 = Debug|Any CPU
		{C984AF44-308A-4164-8209-009C78FE0B08}.Release|Any CPU.ActiveCfg = Release|Any CPU
		{C984AF44-308A-4164-8209-009C78FE0B08}.Release|Any CPU.Build.0 = Release|Any CPU
		{C984AF44-308A-4164-8209-009C78FE0B08}.Release|x64.ActiveCfg = Release|Any CPU
		{C984AF44-308A-4164-8209-009C78FE0B08}.Release|x64.Build.0 = Release|Any CPU
		{C984AF44-308A-4164-8209-009C78FE0B08}.Release|x86.ActiveCfg = Release|Any CPU
		{C984AF44-308A-4164-8209-009C78FE0B08}.Release|x86.Build.0 = Release|Any CPU
	EndGlobalSection
	GlobalSection(SolutionProperties) = preSolution
		HideSolutionNode = FALSE
	EndGlobalSection
	GlobalSection(NestedProjects) = preSolution
		{ADA57AD5-09D8-46F8-833D-B2F2C3EF7CE9} = {827E0CD3-B72D-47B6-A68D-7590B98EB39B}
		{5555E1B6-35D6-4C99-AB29-CC783E37A2AA} = {827E0CD3-B72D-47B6-A68D-7590B98EB39B}
		{27C339A2-09A7-4271-925C-C914A09B535C} = {827E0CD3-B72D-47B6-A68D-7590B98EB39B}
		{AA12AD84-50A8-4502-91C0-895D4C8EF4EA} = {827E0CD3-B72D-47B6-A68D-7590B98EB39B}
		{EFB8DC4F-119A-49B5-BB97-47DAF6E3A54E} = {0AB3BF05-4346-4AA6-1389-037BE0695223}
		{C984AF44-308A-4164-8209-009C78FE0B08} = {0AB3BF05-4346-4AA6-1389-037BE0695223}
	EndGlobalSection
EndGlobal
